
Microsoft Visual Studio Solution File, Format Version 12.00
# Visual Studio 15
VisualStudioVersion = 15.0.28307.489
MinimumVisualStudioVersion = 10.0.40219.1
Project("{9A19103F-16F7-4668-BE54-9A1E7A4F7556}") = "MyShop", "MyShop\MyShop.csproj", "{235329AB-0F31-4E8F-88D3-08258CE3C346}"
EndProject
Project("{9A19103F-16F7-4668-BE54-9A1E7A4F7556}") = "XUnitTestProject1", "XUnitTestProject1\XUnitTestProject1.csproj", "{B7C7950D-5D13-478D-AE1C-D850E58E33A5}"
EndProject
Global
	GlobalSection(SolutionConfigurationPlatforms) = preSolution
		Debug|Any CPU = Debug|Any CPU
		Release|Any CPU = Release|Any CPU
	EndGlobalSection
	GlobalSection(ProjectConfigurationPlatforms) = postSolution
		{235329AB-0F31-4E8F-88D3-08258CE3C346}.Debug|Any CPU.ActiveCfg = Debug|Any CPU
		{235329AB-0F31-4E8F-88D3-08258CE3C346}.Debug|Any CPU.Build.0 = Debug|Any CPU
		{235329AB-0F31-4E8F-88D3-08258CE3C346}.Release|Any CPU.ActiveCfg = Release|Any CPU
		{235329AB-0F31-4E8F-88D3-08258CE3C346}.Release|Any CPU.Build.0 = Release|Any CPU
		{B7C7950D-5D13-478D-AE1C-D850E58E33A5}.Debug|Any CPU.ActiveCfg = Debug|Any CPU
		{B7C7950D-5D13-478D-AE1C-D850E58E33A5}.Debug|Any CPU.Build.0 = Debug|Any CPU
		{B7C7950D-5D13-478D-AE1C-D850E58E33A5}.Release|Any CPU.ActiveCfg = Release|Any CPU
		{B7C7950D-5D13-478D-AE1C-D850E58E33A5}.Release|Any CPU.Build.0 = Release|Any CPU
	EndGlobalSection
	GlobalSection(SolutionProperties) = preSolution
		HideSolutionNode = FALSE
	EndGlobalSection
	GlobalSection(ExtensibilityGlobals) = postSolution
		SolutionGuid = {BC6B5D1D-3338-4204-A71B-5542718F876E}
	EndGlobalSection
EndGlobal
